
Microsoft Visual Studio Solution File, Format Version 12.00
# Visual Studio 15
VisualStudioVersion = 15.0.28307.489
MinimumVisualStudioVersion = 10.0.40219.1
Project("{262852C6-CD72-467D-83FE-5EEB1973A190}") = "WorkoutRandomizer", "WorkoutRandomizer\WorkoutRandomizer.jsproj", "{A57278B3-6F03-4637-81BF-4CAD63909A47}"
EndProject
Global
	GlobalSection(SolutionConfigurationPlatforms) = preSolution
		Debug|Android = Debug|Android
		Debug|iOS = Debug|iOS
		Debug|Windows-ARM = Debug|Windows-ARM
		Debug|Windows-x64 = Debug|Windows-x64
		Debug|Windows-x86 = Debug|Windows-x86
		Release|Android = Release|Android
		Release|iOS = Release|iOS
		Release|Windows-ARM = Release|Windows-ARM
		Release|Windows-x64 = Release|Windows-x64
		Release|Windows-x86 = Release|Windows-x86
	EndGlobalSection
	GlobalSection(ProjectConfigurationPlatforms) = postSolution
		{A57278B3-6F03-4637-81BF-4CAD63909A47}.Debug|Android.ActiveCfg = Debug|Android
		{A57278B3-6F03-4637-81BF-4CAD63909A47}.Debug|Android.Build.0 = Debug|Android
		{A57278B3-6F03-4637-81BF-4CAD63909A47}.Debug|Android.Deploy.0 = Debug|Android
		{A57278B3-6F03-4637-81BF-4CAD63909A47}.Debug|iOS.ActiveCfg = Debug|iOS
		{A57278B3-6F03-4637-81BF-4CAD63909A47}.Debug|iOS.Build.0 = Debug|iOS
		{A57278B3-6F03-4637-81BF-4CAD63909A47}.Debug|iOS.Deploy.0 = Debug|iOS
		{A57278B3-6F03-4637-81BF-4CAD63909A47}.Debug|Windows-ARM.ActiveCfg = Debug|Windows-ARM
		{A57278B3-6F03-4637-81BF-4CAD63909A47}.Debug|Windows-ARM.Build.0 = Debug|Windows-ARM
		{A57278B3-6F03-4637-81BF-4CAD63909A47}.Debug|Windows-ARM.Deploy.0 = Debug|Windows-ARM
		{A57278B3-6F03-4637-81BF-4CAD63909A47}.Debug|Windows-x64.ActiveCfg = Debug|Windows-x64
		{A57278B3-6F03-4637-81BF-4CAD63909A47}.Debug|Windows-x64.Build.0 = Debug|Windows-x64
		{A57278B3-6F03-4637-81BF-4CAD63909A47}.Debug|Windows-x64.Deploy.0 = Debug|Windows-x64
		{A57278B3-6F03-4637-81BF-4CAD63909A47}.Debug|Windows-x86.ActiveCfg = Debug|Windows-x86
		{A57278B3-6F03-4637-81BF-4CAD63909A47}.Debug|Windows-x86.Build.0 = Debug|Windows-x86
		{A57278B3-6F03-4637-81BF-4CAD63909A47}.Debug|Windows-x86.Deploy.0 = Debug|Windows-x86
		{A57278B3-6F03-4637-81BF-4CAD63909A47}.Release|Android.ActiveCfg = Release|Android
		{A57278B3-6F03-4637-81BF-4CAD63909A47}.Release|Android.Build.0 = Release|Android
		{A57278B3-6F03-4637-81BF-4CAD63909A47}.Release|Android.Deploy.0 = Release|Android
		{A57278B3-6F03-4637-81BF-4CAD63909A47}.Release|iOS.ActiveCfg = Release|iOS
		{A57278B3-6F03-4637-81BF-4CAD63909A47}.Release|iOS.Build.0 = Release|iOS
		{A57278B3-6F03-4637-81BF-4CAD63909A47}.Release|iOS.Deploy.0 = Release|iOS
		{A57278B3-6F03-4637-81BF-4CAD63909A47}.Release|Windows-ARM.ActiveCfg = Release|Windows-ARM
		{A57278B3-6F03-4637-81BF-4CAD63909A47}.Release|Windows-ARM.Build.0 = Release|Windows-ARM
		{A57278B3-6F03-4637-81BF-4CAD63909A47}.Release|Windows-ARM.Deploy.0 = Release|Windows-ARM
		{A57278B3-6F03-4637-81BF-4CAD63909A47}.Release|Windows-x64.ActiveCfg = Release|Windows-x64
		{A57278B3-6F03-4637-81BF-4CAD63909A47}.Release|Windows-x64.Build.0 = Release|Windows-x64
		{A57278B3-6F03-4637-81BF-4CAD63909A47}.Release|Windows-x64.Deploy.0 = Release|Windows-x64
		{A57278B3-6F03-4637-81BF-4CAD63909A47}.Release|Windows-x86.ActiveCfg = Release|Windows-x86
		{A57278B3-6F03-4637-81BF-4CAD63909A47}.Release|Windows-x86.Build.0 = Release|Windows-x86
		{A57278B3-6F03-4637-81BF-4CAD63909A47}.Release|Windows-x86.Deploy.0 = Release|Windows-x86
	EndGlobalSection
	GlobalSection(SolutionProperties) = preSolution
		HideSolutionNode = FALSE
	EndGlobalSection
	GlobalSection(ExtensibilityGlobals) = postSolution
		SolutionGuid = {9A979230-80C7-4BF6-92FD-19B70EC055A2}
	EndGlobalSection
EndGlobal
